PODS:
  - Alamofire (4.7.3)
  - AlamofireNetworkActivityIndicator (2.3.0):
    - Alamofire (~> 4.7)
  - AsyncSwift (2.0.4)
  - Crashlytics (3.12.0):
    - Fabric (~> 1.9.0)
  - Fabric (1.9.0)
  - Mockingjay (2.0.1):
    - Mockingjay/Core (= 2.0.1)
    - Mockingjay/XCTest (= 2.0.1)
  - Mockingjay/Core (2.0.1):
    - URITemplate (~> 2.0)
  - Mockingjay/XCTest (2.0.1):
    - Mockingjay/Core
  - MVVM-Swift (1.1.0)
  - Nimble (7.1.2)
  - ObjectMapper (3.4.1)
  - Quick (1.3.0)
  - RxAtomic (4.4.0)
  - RxBlocking (4.2.0):
    - RxSwift (~> 4.0)
  - RxCocoa (4.4.0):
    - RxSwift (~> 4.0)
  - RxSwift (4.4.0):
    - RxAtomic (~> 4.4)
  - RxTest (4.4.0):
    - RxAtomic (~> 4.4)
    - RxSwift (~> 4.0)
  - SVProgressHUD (2.2.5)
  - SwiftDate (4.5.1)
  - SwiftLint (0.27.0)
  - SwiftUtils (4.2)
  - URITemplate (2.0.3)

DEPENDENCIES:
  - Alamofire (= 4.7.3)
  - AlamofireNetworkActivityIndicator (= 2.3.0)
  - AsyncSwift
  - Crashlytics
  - Fabric
  - Mockingjay (= 2.0.1)
  - MVVM-Swift (= 1.1.0)
  - Nimble (= 7.1.2)
  - ObjectMapper
  - Quick (= 1.3.0)
  - RxBlocking (= 4.2.0)
  - RxCocoa (~> 4.0)
  - RxSwift (~> 4.0)
  - RxTest (~> 4.0)
  - SVProgressHUD (= 2.2.5)
  - SwiftDate (~> 4.5.0)
  - SwiftLint (= 0.27.0)
  - SwiftUtils (= 4.2)

SPEC REPOS:
  https://github.com/cocoapods/specs.git:
    - Alamofire
    - AlamofireNetworkActivityIndicator
    - AsyncSwift
    - Crashlytics
    - Fabric
    - Mockingjay
    - MVVM-Swift
    - Nimble
    - ObjectMapper
    - Quick
    - RxAtomic
    - RxBlocking
    - RxCocoa
    - RxSwift
    - RxTest
    - SVProgressHUD
    - SwiftDate
    - SwiftLint
    - SwiftUtils
    - URITemplate

SPEC CHECKSUMS:
  Alamofire: c7287b6e5d7da964a70935e5db17046b7fde6568
  AlamofireNetworkActivityIndicator: 18346ff6d770d9513d0ac6f2d99706f40f93dbaa
  AsyncSwift: 65775a7b32e740609b24969ece3de58723b9dc3e
  Crashlytics: 07fb167b1694128c1c9a5a5cc319b0e9c3ca0933
  Fabric: f988e33c97f08930a413e08123064d2e5f68d655
  Mockingjay: 11a621880d2887f1775bdcf824341eb68f218450
  MVVM-Swift: 54749cc12bb30af41632f30a2c576a18bf9e4bc8
  Nimble: 3835ba9f459daa6b347f8a8e110aaae8ca1920a8
  ObjectMapper: 5311bd50ca732930959e7ca1a2de43ab823a5ced
  Quick: 03278013f71aa05fe9ecabc94fbcc6835f1ee76f
  RxAtomic: eacf60db868c96bfd63320e28619fe29c179656f
  RxBlocking: e339d8a6e752e25ade95ff858466c55436668f59
  RxCocoa: df63ebf7b9a70d6b4eeea407ed5dd4efc8979749
  RxSwift: 5976ecd04fc2fefd648827c23de5e11157faa973
  RxTest: 19d03286bdc0a3aaea5d61d4cde31fdf4bb8a5ba
  SVProgressHUD: 1428aafac632c1f86f62aa4243ec12008d7a51d6
  SwiftDate: 7b56d42a221f582047287deb256b23fc5ed49a60
  SwiftLint: 3207c1faa2240bf8973b191820a116113cd11073
  SwiftUtils: de77bcd1df216c9be6ec7011777302c60a2018a6
  URITemplate: ace0c4c46dcf8afe6e89b4060621852886b15c3b

PODFILE CHECKSUM: 755f78b99a21e778f662239b474768926abace47

COCOAPODS: 1.5.3
