PODS:
  - OHHTTPStubs/Core (8.0.0)
  - OHHTTPStubs/Default (8.0.0):
    - OHHTTPStubs/Core
    - OHHTTPStubs/JSON
    - OHHTTPStubs/NSURLSession
    - OHHTTPStubs/OHPathHelpers
  - OHHTTPStubs/JSON (8.0.0):
    - OHHTTPStubs/Core
  - OHHTTPStubs/NSURLSession (8.0.0):
    - OHHTTPStubs/Core
  - OHHTTPStubs/OHPathHelpers (8.0.0)
  - OHHTTPStubs/Swift (8.0.0):
    - OHHTTPStubs/Default

DEPENDENCIES:
  - OHHTTPStubs/Swift (= 8.0.0)

SPEC REPOS:
  https://github.com/cocoapods/specs.git:
    - OHHTTPStubs

SPEC CHECKSUMS:
  OHHTTPStubs: 9cbce6364bec557cc3439aa6bb7514670d780881

PODFILE CHECKSUM: 6c94d9ba68a904cddee09543d609107debb8adbf

COCOAPODS: 1.7.0.beta.3
